{
    "name": "wayfinder-server",
    "version": "1.0.0",
    "lockfileVersion": 1,
    "requires": true,
    "dependencies": {
        "JSONStream": {
            "version": "1.3.2",
            "resolved": "https://registry.npmjs.org/JSONStream/-/JSONStream-1.3.2.tgz",
            "integrity": "sha1-wQI3G27Dp887hHygDCC7D85Mbeo=",
            "requires": {
                "jsonparse": "^1.2.0",
                "through": ">=2.2.7 <3"
            }
        },
        "ajv": {
            "version": "5.5.2",
            "resolved": "https://registry.npmjs.org/ajv/-/ajv-5.5.2.tgz",
            "integrity": "sha1-c7Xuyj+rZT49P5Qis0GtQiBdyWU=",
            "requires": {
                "co": "^4.6.0",
                "fast-deep-equal": "^1.0.0",
                "fast-json-stable-stringify": "^2.0.0",
                "json-schema-traverse": "^0.3.0"
            }
        },
        "asn1": {
            "version": "0.2.3",
            "resolved": "https://registry.npmjs.org/asn1/-/asn1-0.2.3.tgz",
            "integrity": "sha1-2sh4dxPJlmhJ/IGAd36+nB3fO4Y="
        },
        "assert-plus": {
            "version": "1.0.0",
            "resolved": "https://registry.npmjs.org/assert-plus/-/assert-plus-1.0.0.tgz",
            "integrity": "sha1-8S4PPF13sLHN2RRpQuTpbB5N1SU="
        },
        "asynckit": {
            "version": "0.4.0",
            "resolved": "https://registry.npmjs.org/asynckit/-/asynckit-0.4.0.tgz",
            "integrity": "sha1-x57Zf380y48robyXkLzDZkdLS3k="
        },
        "aws-sdk": {
            "version": "2.259.1",
            "resolved": "https://registry.npmjs.org/aws-sdk/-/aws-sdk-2.259.1.tgz",
            "integrity": "sha512-z2/t30caHNadSKeasUTS8trgIoHuWtmOKEhQK72Bqtbbgviqw2++sDG1Gkbj7n7yRihmg+yPNUE6i+JG3vfDrA==",
            "requires": {
                "buffer": "4.9.1",
                "events": "1.1.1",
                "ieee754": "1.1.8",
                "jmespath": "0.15.0",
                "querystring": "0.2.0",
                "sax": "1.2.1",
                "url": "0.10.3",
                "uuid": "3.1.0",
                "xml2js": "0.4.17"
            },
            "dependencies": {
                "uuid": {
                    "version": "3.1.0",
                    "resolved": "https://registry.npmjs.org/uuid/-/uuid-3.1.0.tgz",
                    "integrity": "sha512-DIWtzUkw04M4k3bf1IcpS2tngXEL26YUD2M0tMDUpnUrz2hgzUBlD55a4FjdLGPvfHxS6uluGWvaVEqgBcVa+g=="
                }
            }
        },
        "aws-sign2": {
            "version": "0.7.0",
            "resolved": "https://registry.npmjs.org/aws-sign2/-/aws-sign2-0.7.0.tgz",
            "integrity": "sha1-tG6JCTSpWR8tL2+G1+ap8bP+dqg="
        },
        "aws4": {
            "version": "1.7.0",
            "resolved": "https://registry.npmjs.org/aws4/-/aws4-1.7.0.tgz",
            "integrity": "sha512-32NDda82rhwD9/JBCCkB+MRYDp0oSvlo2IL6rQWA10PQi7tDUM3eqMSltXmY+Oyl/7N3P3qNtAlv7X0d9bI28w=="
        },
        "base64-js": {
            "version": "0.0.2",
            "resolved": "https://registry.npmjs.org/base64-js/-/base64-js-0.0.2.tgz",
            "integrity": "sha1-Ak8Pcq+iW3X5wO5zzU9V7Bvtl4Q="
        },
        "bcrypt-pbkdf": {
            "version": "1.0.1",
            "resolved": "https://registry.npmjs.org/bcrypt-pbkdf/-/bcrypt-pbkdf-1.0.1.tgz",
            "integrity": "sha1-Y7xdy2EzG5K8Bf1SiVPDNGKgb40=",
            "optional": true,
            "requires": {
                "tweetnacl": "^0.14.3"
            }
        },
        "bops": {
            "version": "0.0.6",
            "resolved": "https://registry.npmjs.org/bops/-/bops-0.0.6.tgz",
            "integrity": "sha1-CC0dVfoB5g29wuvC26N/ZZVUzzo=",
            "requires": {
                "base64-js": "0.0.2",
                "to-utf8": "0.0.1"
            }
        },
        "buffer": {
            "version": "4.9.1",
            "resolved": "https://registry.npmjs.org/buffer/-/buffer-4.9.1.tgz",
            "integrity": "sha1-bRu2AbB6TvztlwlBMgkwJ8lbwpg=",
            "requires": {
                "base64-js": "^1.0.2",
                "ieee754": "^1.1.4",
                "isarray": "^1.0.0"
            },
            "dependencies": {
                "base64-js": {
                    "version": "1.3.0",
                    "resolved": "https://registry.npmjs.org/base64-js/-/base64-js-1.3.0.tgz",
                    "integrity": "sha512-ccav/yGvoa80BQDljCxsmmQ3Xvx60/UpBIij5QN21W3wBi/hhIC9OoO+KLpu9IJTS9j4DRVJ3aDDF9cMSoa2lw=="
                }
            }
        },
        "buffer-from": {
            "version": "1.0.0",
            "resolved": "https://registry.npmjs.org/buffer-from/-/buffer-from-1.0.0.tgz",
            "integrity": "sha512-83apNb8KK0Se60UE1+4Ukbe3HbfELJ6UlI4ldtOGs7So4KD26orJM8hIY9lxdzP+UpItH1Yh/Y8GUvNFWFFRxA=="
        },
        "caseless": {
            "version": "0.12.0",
            "resolved": "https://registry.npmjs.org/caseless/-/caseless-0.12.0.tgz",
            "integrity": "sha1-G2gcIf+EAzyCZUMJBolCDRhxUdw="
        },
        "co": {
            "version": "4.6.0",
            "resolved": "https://registry.npmjs.org/co/-/co-4.6.0.tgz",
            "integrity": "sha1-bqa989hTrlTMuOR7+gvz+QMfsYQ="
        },
        "combined-stream": {
            "version": "1.0.6",
            "resolved": "https://registry.npmjs.org/combined-stream/-/combined-stream-1.0.6.tgz",
            "integrity": "sha1-cj599ugBrFYTETp+RFqbactjKBg=",
            "requires": {
                "delayed-stream": "~1.0.0"
            }
        },
        "commander": {
            "version": "2.15.1",
            "resolved": "https://registry.npmjs.org/commander/-/commander-2.15.1.tgz",
            "integrity": "sha512-VlfT9F3V0v+jr4yxPc5gg9s62/fIVWsd2Bk2iD435um1NlGMYdVCq+MjcXnhYq2icNOizHr1kK+5TI6H0Hy0ag=="
        },
        "concat-stream": {
            "version": "1.6.2",
            "resolved": "https://registry.npmjs.org/concat-stream/-/concat-stream-1.6.2.tgz",
            "integrity": "sha512-27HBghJxjiZtIk3Ycvn/4kbJk/1uZuJFfuPEns6LaEvpvG1f0hTea8lilrouyo9mVc2GWdcEZ8OLoGmSADlrCw==",
            "requires": {
                "buffer-from": "^1.0.0",
                "inherits": "^2.0.3",
                "readable-stream": "^2.2.2",
                "typedarray": "^0.0.6"
            }
        },
        "core-util-is": {
            "version": "1.0.2",
            "resolved": "https://registry.npmjs.org/core-util-is/-/core-util-is-1.0.2.tgz",
            "integrity": "sha1-tf1UIgqivFq1eqtxQMlAdUUDwac="
        },
        "d3": {
            "version": "5.4.0",
            "resolved": "https://registry.npmjs.org/d3/-/d3-5.4.0.tgz",
            "integrity": "sha1-CQGZqFadHeI9BKP/B/4TYJX+p04=",
            "requires": {
                "d3-array": "1",
                "d3-axis": "1",
                "d3-brush": "1",
                "d3-chord": "1",
                "d3-collection": "1",
                "d3-color": "1",
                "d3-contour": "1",
                "d3-dispatch": "1",
                "d3-drag": "1",
                "d3-dsv": "1",
                "d3-ease": "1",
                "d3-fetch": "1",
                "d3-force": "1",
                "d3-format": "1",
                "d3-geo": "1",
                "d3-hierarchy": "1",
                "d3-interpolate": "1",
                "d3-path": "1",
                "d3-polygon": "1",
                "d3-quadtree": "1",
                "d3-random": "1",
                "d3-scale": "2",
                "d3-scale-chromatic": "1",
                "d3-selection": "1",
                "d3-shape": "1",
                "d3-time": "1",
                "d3-time-format": "2",
                "d3-timer": "1",
                "d3-transition": "1",
                "d3-voronoi": "1",
                "d3-zoom": "1"
            }
        },
        "d3-array": {
            "version": "1.2.1",
            "resolved": "https://registry.npmjs.org/d3-array/-/d3-array-1.2.1.tgz",
            "integrity": "sha512-CyINJQ0SOUHojDdFDH4JEM0552vCR1utGyLHegJHyYH0JyCpSeTPxi4OBqHMA2jJZq4NH782LtaJWBImqI/HBw=="
        },
        "d3-axis": {
            "version": "1.0.8",
            "resolved": "https://registry.npmjs.org/d3-axis/-/d3-axis-1.0.8.tgz",
            "integrity": "sha1-MacFoLU15ldZ3hQXOjGTMTfxjvo="
        },
        "d3-brush": {
            "version": "1.0.4",
            "resolved": "https://registry.npmjs.org/d3-brush/-/d3-brush-1.0.4.tgz",
            "integrity": "sha1-AMLyOAGfJPbAoZSibUGhUw/+e8Q=",
            "requires": {
                "d3-dispatch": "1",
                "d3-drag": "1",
                "d3-interpolate": "1",
                "d3-selection": "1",
                "d3-transition": "1"
            }
        },
        "d3-chord": {
            "version": "1.0.4",
            "resolved": "https://registry.npmjs.org/d3-chord/-/d3-chord-1.0.4.tgz",
            "integrity": "sha1-fexPC6iG9xP+ERxF92NBT290yiw=",
            "requires": {
                "d3-array": "1",
                "d3-path": "1"
            }
        },
        "d3-collection": {
            "version": "1.0.4",
            "resolved": "https://registry.npmjs.org/d3-collection/-/d3-collection-1.0.4.tgz",
            "integrity": "sha1-NC39EoN8kJdPM/HMCnha6lcNzcI="
        },
        "d3-color": {
            "version": "1.2.0",
            "resolved": "https://registry.npmjs.org/d3-color/-/d3-color-1.2.0.tgz",
            "integrity": "sha512-dmL9Zr/v39aSSMnLOTd58in2RbregCg4UtGyUArvEKTTN6S3HKEy+ziBWVYo9PTzRyVW+pUBHUtRKz0HYX+SQg=="
        },
        "d3-contour": {
            "version": "1.2.0",
            "resolved": "https://registry.npmjs.org/d3-contour/-/d3-contour-1.2.0.tgz",
            "integrity": "sha512-nDzZ2KDnrgTrhMjV8TH0RNrljk6uPNAGkG/v/1SKNVvJa2JU8szjh7o2ZYTX8yufA2oCI5HyeMqbzwiB+oDoIA==",
            "requires": {
                "d3-array": "^1.1.1"
            }
        },
        "d3-dispatch": {
            "version": "1.0.3",
            "resolved": "https://registry.npmjs.org/d3-dispatch/-/d3-dispatch-1.0.3.tgz",
            "integrity": "sha1-RuFJHqqbWMNY/OW+TovtYm54cfg="
        },
        "d3-drag": {
            "version": "1.2.1",
            "resolved": "https://registry.npmjs.org/d3-drag/-/d3-drag-1.2.1.tgz",
            "integrity": "sha512-Cg8/K2rTtzxzrb0fmnYOUeZHvwa4PHzwXOLZZPwtEs2SKLLKLXeYwZKBB+DlOxUvFmarOnmt//cU4+3US2lyyQ==",
            "requires": {
                "d3-dispatch": "1",
                "d3-selection": "1"
            }
        },
        "d3-dsv": {
            "version": "1.0.8",
            "resolved": "https://registry.npmjs.org/d3-dsv/-/d3-dsv-1.0.8.tgz",
            "integrity": "sha512-IVCJpQ+YGe3qu6odkPQI0KPqfxkhbP/oM1XhhE/DFiYmcXKfCRub4KXyiuehV1d4drjWVXHUWx4gHqhdZb6n/A==",
            "requires": {
                "commander": "2",
                "iconv-lite": "0.4",
                "rw": "1"
            }
        },
        "d3-ease": {
            "version": "1.0.3",
            "resolved": "https://registry.npmjs.org/d3-ease/-/d3-ease-1.0.3.tgz",
            "integrity": "sha1-aL+8NJM4o4DETYrMT7wzBKotjA4="
        },
        "d3-fetch": {
            "version": "1.1.0",
            "resolved": "https://registry.npmjs.org/d3-fetch/-/d3-fetch-1.1.0.tgz",
            "integrity": "sha512-j+V4vtT6dceQbcKYLtpTueB8Zvc+wb9I93WaFtEQIYNADXl0c1ZJMN3qQo0CssiTsAqK8pePwc7f4qiW+b0WOg==",
            "requires": {
                "d3-dsv": "1"
            }
        },
        "d3-force": {
            "version": "1.1.0",
            "resolved": "https://registry.npmjs.org/d3-force/-/d3-force-1.1.0.tgz",
            "integrity": "sha512-2HVQz3/VCQs0QeRNZTYb7GxoUCeb6bOzMp/cGcLa87awY9ZsPvXOGeZm0iaGBjXic6I1ysKwMn+g+5jSAdzwcg==",
            "requires": {
                "d3-collection": "1",
                "d3-dispatch": "1",
                "d3-quadtree": "1",
                "d3-timer": "1"
            }
        },
        "d3-format": {
            "version": "1.3.0",
            "resolved": "https://registry.npmjs.org/d3-format/-/d3-format-1.3.0.tgz",
            "integrity": "sha512-ycfLEIzHVZC3rOvuBOKVyQXSiUyCDjeAPIj9n/wugrr+s5AcTQC2Bz6aKkubG7rQaQF0SGW/OV4UEJB9nfioFg=="
        },
        "d3-geo": {
            "version": "1.10.0",
            "resolved": "https://registry.npmjs.org/d3-geo/-/d3-geo-1.10.0.tgz",
            "integrity": "sha512-VK/buVGgexthTTqGRNXQ/LSo3EbOFu4p2Pjud5drSIaEnOaF2moc8A3P7WEljEO1JEBEwbpAJjFWMuJiUtoBcw==",
            "requires": {
                "d3-array": "1"
            }
        },
        "d3-hierarchy": {
            "version": "1.1.6",
            "resolved": "https://registry.npmjs.org/d3-hierarchy/-/d3-hierarchy-1.1.6.tgz",
            "integrity": "sha512-nn4bhBnwWnMSoZgkBXD7vRyZ0xVUsNMQRKytWYHhP1I4qHw+qzApCTgSQTZqMdf4XXZbTMqA59hFusga+THA/g=="
        },
        "d3-interpolate": {
            "version": "1.2.0",
            "resolved": "https://registry.npmjs.org/d3-interpolate/-/d3-interpolate-1.2.0.tgz",
            "integrity": "sha512-zLvTk8CREPFfc/2XglPQriAsXkzoRDAyBzndtKJWrZmHw7kmOWHNS11e40kPTd/oGk8P5mFJW5uBbcFQ+ybxyA==",
            "requires": {
                "d3-color": "1"
            }
        },
        "d3-path": {
            "version": "1.0.5",
            "resolved": "https://registry.npmjs.org/d3-path/-/d3-path-1.0.5.tgz",
            "integrity": "sha1-JB6xhJvZ6egCHA0KeZ+KDo5EF2Q="
        },
        "d3-polygon": {
            "version": "1.0.3",
            "resolved": "https://registry.npmjs.org/d3-polygon/-/d3-polygon-1.0.3.tgz",
            "integrity": "sha1-FoiOkCZGCTPysXllKtN4Ik04LGI="
        },
        "d3-quadtree": {
            "version": "1.0.3",
            "resolved": "https://registry.npmjs.org/d3-quadtree/-/d3-quadtree-1.0.3.tgz",
            "integrity": "sha1-rHmH4+I/6AWpkPKOG1DTj8uCJDg="
        },
        "d3-random": {
            "version": "1.1.0",
            "resolved": "https://registry.npmjs.org/d3-random/-/d3-random-1.1.0.tgz",
            "integrity": "sha1-ZkLlBsb6OmSFldKyRpeIqNElKdM="
        },
        "d3-scale": {
            "version": "2.0.0",
            "resolved": "https://registry.npmjs.org/d3-scale/-/d3-scale-2.0.0.tgz",
            "integrity": "sha512-Sa2Ny6CoJT7x6dozxPnvUQT61epGWsgppFvnNl8eJEzfJBG0iDBBTJAtz2JKem7Mb+NevnaZiDiIDHsuWkv6vg==",
            "requires": {
                "d3-array": "^1.2.0",
                "d3-collection": "1",
                "d3-format": "1",
                "d3-interpolate": "1",
                "d3-time": "1",
                "d3-time-format": "2"
            }
        },
        "d3-scale-chromatic": {
            "version": "1.3.0",
            "resolved": "https://registry.npmjs.org/d3-scale-chromatic/-/d3-scale-chromatic-1.3.0.tgz",
            "integrity": "sha512-YwMbiaW2bStWvQFByK8hA6hk7ToWflspIo2TRukCqERd8isiafEMBXmwfh8c7/0Z94mVvIzIveRLVC6RAjhgeA==",
            "requires": {
                "d3-color": "1",
                "d3-interpolate": "1"
            }
        },
        "d3-selection": {
            "version": "1.3.0",
            "resolved": "https://registry.npmjs.org/d3-selection/-/d3-selection-1.3.0.tgz",
            "integrity": "sha512-qgpUOg9tl5CirdqESUAu0t9MU/t3O9klYfGfyKsXEmhyxyzLpzpeh08gaxBUTQw1uXIOkr/30Ut2YRjSSxlmHA=="
        },
        "d3-shape": {
            "version": "1.2.0",
            "resolved": "https://registry.npmjs.org/d3-shape/-/d3-shape-1.2.0.tgz",
            "integrity": "sha1-RdAVOPBkuv0F6j1tLLdI/YxB93c=",
            "requires": {
                "d3-path": "1"
            }
        },
        "d3-time": {
            "version": "1.0.8",
            "resolved": "https://registry.npmjs.org/d3-time/-/d3-time-1.0.8.tgz",
            "integrity": "sha512-YRZkNhphZh3KcnBfitvF3c6E0JOFGikHZ4YqD+Lzv83ZHn1/u6yGenRU1m+KAk9J1GnZMnKcrtfvSktlA1DXNQ=="
        },
        "d3-time-format": {
            "version": "2.1.1",
            "resolved": "https://registry.npmjs.org/d3-time-format/-/d3-time-format-2.1.1.tgz",
            "integrity": "sha512-8kAkymq2WMfzW7e+s/IUNAtN/y3gZXGRrdGfo6R8NKPAA85UBTxZg5E61bR6nLwjPjj4d3zywSQe1CkYLPFyrw==",
            "requires": {
                "d3-time": "1"
            }
        },
        "d3-timer": {
            "version": "1.0.7",
            "resolved": "https://registry.npmjs.org/d3-timer/-/d3-timer-1.0.7.tgz",
            "integrity": "sha512-vMZXR88XujmG/L5oB96NNKH5lCWwiLM/S2HyyAQLcjWJCloK5shxta4CwOFYLZoY3AWX73v8Lgv4cCAdWtRmOA=="
        },
        "d3-transition": {
            "version": "1.1.1",
            "resolved": "https://registry.npmjs.org/d3-transition/-/d3-transition-1.1.1.tgz",
            "integrity": "sha512-xeg8oggyQ+y5eb4J13iDgKIjUcEfIOZs2BqV/eEmXm2twx80wTzJ4tB4vaZ5BKfz7XsI/DFmQL5me6O27/5ykQ==",
            "requires": {
                "d3-color": "1",
                "d3-dispatch": "1",
                "d3-ease": "1",
                "d3-interpolate": "1",
                "d3-selection": "^1.1.0",
                "d3-timer": "1"
            }
        },
        "d3-voronoi": {
            "version": "1.1.2",
            "resolved": "https://registry.npmjs.org/d3-voronoi/-/d3-voronoi-1.1.2.tgz",
            "integrity": "sha1-Fodmfo8TotFYyAwUgMWinLDYlzw="
        },
        "d3-zoom": {
            "version": "1.7.1",
            "resolved": "https://registry.npmjs.org/d3-zoom/-/d3-zoom-1.7.1.tgz",
            "integrity": "sha512-sZHQ55DGq5BZBFGnRshUT8tm2sfhPHFnOlmPbbwTkAoPeVdRTkB4Xsf9GCY0TSHrTD8PeJPZGmP/TpGicwJDJQ==",
            "requires": {
                "d3-dispatch": "1",
                "d3-drag": "1",
                "d3-interpolate": "1",
                "d3-selection": "1",
                "d3-transition": "1"
            }
        },
        "dashdash": {
            "version": "1.14.1",
            "resolved": "https://registry.npmjs.org/dashdash/-/dashdash-1.14.1.tgz",
            "integrity": "sha1-hTz6D3y+L+1d4gMmuN1YEDX24vA=",
            "requires": {
                "assert-plus": "^1.0.0"
            }
        },
        "delayed-stream": {
            "version": "1.0.0",
            "resolved": "https://registry.npmjs.org/delayed-stream/-/delayed-stream-1.0.0.tgz",
            "integrity": "sha1-3zrhmayt+31ECqrgsp4icrJOxhk="
        },
        "dom-walk": {
            "version": "0.1.1",
            "resolved": "https://registry.npmjs.org/dom-walk/-/dom-walk-0.1.1.tgz",
            "integrity": "sha1-ZyIm3HTI95mtNTB9+TaroRrNYBg="
        },
        "domelementtype": {
            "version": "1.3.0",
            "resolved": "https://registry.npmjs.org/domelementtype/-/domelementtype-1.3.0.tgz",
            "integrity": "sha1-sXrtguirWeUt2cGbF1bg/BhyBMI="
        },
        "domhandler": {
            "version": "2.2.1",
            "resolved": "https://registry.npmjs.org/domhandler/-/domhandler-2.2.1.tgz",
            "integrity": "sha1-Wd+dzSJ+gIs2Wuc+H2aErD2Ub8I=",
            "requires": {
                "domelementtype": "1"
            }
        },
        "domutils": {
            "version": "1.3.0",
            "resolved": "https://registry.npmjs.org/domutils/-/domutils-1.3.0.tgz",
            "integrity": "sha1-mtTVm1r2ymhMYv5tdo7xcOcN8ZI=",
            "requires": {
                "domelementtype": "1"
            }
        },
        "ecc-jsbn": {
            "version": "0.1.1",
            "resolved": "https://registry.npmjs.org/ecc-jsbn/-/ecc-jsbn-0.1.1.tgz",
            "integrity": "sha1-D8c6ntXw1Tw4GTOYUj735UN3dQU=",
            "optional": true,
            "requires": {
                "jsbn": "~0.1.0"
            }
        },
        "events": {
            "version": "1.1.1",
            "resolved": "https://registry.npmjs.org/events/-/events-1.1.1.tgz",
            "integrity": "sha1-nr23Y1rQmccNzEwqH1AEKI6L2SQ="
        },
        "extend": {
            "version": "3.0.1",
            "resolved": "https://registry.npmjs.org/extend/-/extend-3.0.1.tgz",
            "integrity": "sha1-p1Xqe8Gt/MWjHOfnYtuq3F5jZEQ="
        },
        "extsprintf": {
            "version": "1.3.0",
            "resolved": "https://registry.npmjs.org/extsprintf/-/extsprintf-1.3.0.tgz",
            "integrity": "sha1-lpGEQOMEGnpBT4xS48V06zw+HgU="
        },
        "fast-deep-equal": {
            "version": "1.1.0",
            "resolved": "https://registry.npmjs.org/fast-deep-equal/-/fast-deep-equal-1.1.0.tgz",
            "integrity": "sha1-wFNHeBfIa1HaqFPIHgWbcz0CNhQ="
        },
        "fast-json-stable-stringify": {
            "version": "2.0.0",
            "resolved": "https://registry.npmjs.org/fast-json-stable-stringify/-/fast-json-stable-stringify-2.0.0.tgz",
            "integrity": "sha1-1RQsDK7msRifh9OnYREGT4bIu/I="
        },
        "for-each": {
            "version": "0.3.2",
            "resolved": "https://registry.npmjs.org/for-each/-/for-each-0.3.2.tgz",
            "integrity": "sha1-LEBFC5NI6X8oEyJZO6lnBLmr1NQ=",
            "requires": {
                "is-function": "~1.0.0"
            }
        },
        "forever-agent": {
            "version": "0.6.1",
            "resolved": "https://registry.npmjs.org/forever-agent/-/forever-agent-0.6.1.tgz",
            "integrity": "sha1-+8cfDEGt6zf5bFd60e1C2P2sypE="
        },
        "form-data": {
            "version": "2.3.2",
            "resolved": "https://registry.npmjs.org/form-data/-/form-data-2.3.2.tgz",
            "integrity": "sha1-SXBJi+YEwgwAXU9cI67NIda0kJk=",
            "requires": {
                "asynckit": "^0.4.0",
                "combined-stream": "1.0.6",
                "mime-types": "^2.1.12"
            }
        },
        "geojson-area": {
            "version": "0.1.0",
            "resolved": "https://registry.npmjs.org/geojson-area/-/geojson-area-0.1.0.tgz",
            "integrity": "sha1-1I2AcILPrfSnjfE0m+UPOL8YlK4=",
            "requires": {
                "wgs84": "0.0.0"
            }
        },
        "geojson-numeric": {
            "version": "0.2.0",
            "resolved": "https://registry.npmjs.org/geojson-numeric/-/geojson-numeric-0.2.0.tgz",
            "integrity": "sha1-q5quLqlyekg3B5rP8qqDyHLXLUo=",
            "requires": {
                "concat-stream": "~1.0.1",
                "optimist": "~0.3.5"
            },
            "dependencies": {
                "concat-stream": {
                    "version": "1.0.1",
                    "resolved": "https://registry.npmjs.org/concat-stream/-/concat-stream-1.0.1.tgz",
                    "integrity": "sha1-AYsYvBx9BzotyCqkhEI0GixN158=",
                    "requires": {
                        "bops": "0.0.6"
                    }
                }
            }
        },
        "geojson-rewind": {
            "version": "0.1.0",
            "resolved": "https://registry.npmjs.org/geojson-rewind/-/geojson-rewind-0.1.0.tgz",
            "integrity": "sha1-VwIqBUsZZmDXVTVP5dJmhNkM0Bk=",
            "requires": {
                "concat-stream": "~1.2.1",
                "geojson-area": "0.1.0",
                "minimist": "0.0.5"
            },
            "dependencies": {
                "concat-stream": {
                    "version": "1.2.1",
                    "resolved": "https://registry.npmjs.org/concat-stream/-/concat-stream-1.2.1.tgz",
                    "integrity": "sha1-81EAtsRjeL+6i2uA+fDQzN8T3GA=",
                    "requires": {
                        "bops": "0.0.6"
                    }
                },
                "minimist": {
                    "version": "0.0.5",
                    "resolved": "https://registry.npmjs.org/minimist/-/minimist-0.0.5.tgz",
                    "integrity": "sha1-16oye87PUY+RBqxrjwA/o7zqhWY="
                }
            }
        },
        "getpass": {
            "version": "0.1.7",
            "resolved": "https://registry.npmjs.org/getpass/-/getpass-0.1.7.tgz",
            "integrity": "sha1-Xv+OPmhNVprkyysSgmBOi6YhSfo=",
            "requires": {
                "assert-plus": "^1.0.0"
            }
        },
        "global": {
            "version": "4.3.2",
            "resolved": "https://registry.npmjs.org/global/-/global-4.3.2.tgz",
            "integrity": "sha1-52mJJopsdMOJCLEwWxD8DjlOnQ8=",
            "requires": {
                "min-document": "^2.19.0",
                "process": "~0.5.1"
            }
        },
        "har-schema": {
            "version": "2.0.0",
            "resolved": "https://registry.npmjs.org/har-schema/-/har-schema-2.0.0.tgz",
            "integrity": "sha1-qUwiJOvKwEeCoNkDVSHyRzW37JI="
        },
        "har-validator": {
            "version": "5.0.3",
            "resolved": "https://registry.npmjs.org/har-validator/-/har-validator-5.0.3.tgz",
            "integrity": "sha1-ukAsJmGU8VlW7xXg/PJCmT9qff0=",
            "requires": {
                "ajv": "^5.1.0",
                "har-schema": "^2.0.0"
            }
        },
        "htmlparser2": {
            "version": "3.5.1",
            "resolved": "https://registry.npmjs.org/htmlparser2/-/htmlparser2-3.5.1.tgz",
            "integrity": "sha1-b0L3ZX3RnBP31l3pEYQXOUoL5tA=",
            "requires": {
                "domelementtype": "1",
                "domhandler": "2.2",
                "domutils": "1.3",
                "readable-stream": "1.1"
            },
            "dependencies": {
                "isarray": {
                    "version": "0.0.1",
                    "resolved": "https://registry.npmjs.org/isarray/-/isarray-0.0.1.tgz",
                    "integrity": "sha1-ihis/Kmo9Bd+Cav8YDiTmwXR7t8="
                },
                "readable-stream": {
                    "version": "1.1.14",
                    "resolved": "https://registry.npmjs.org/readable-stream/-/readable-stream-1.1.14.tgz",
                    "integrity": "sha1-fPTFTvZI44EwhMY23SB54WbAgdk=",
                    "requires": {
                        "core-util-is": "~1.0.0",
                        "inherits": "~2.0.1",
                        "isarray": "0.0.1",
                        "string_decoder": "~0.10.x"
                    }
                },
                "string_decoder": {
                    "version": "0.10.31",
                    "resolved": "https://registry.npmjs.org/string_decoder/-/string_decoder-0.10.31.tgz",
                    "integrity": "sha1-YuIDvEF2bGwoyfyEMB2rHFMQ+pQ="
                }
            }
        },
        "http-signature": {
            "version": "1.2.0",
            "resolved": "https://registry.npmjs.org/http-signature/-/http-signature-1.2.0.tgz",
            "integrity": "sha1-muzZJRFHcvPZW2WmCruPfBj7rOE=",
            "requires": {
                "assert-plus": "^1.0.0",
                "jsprim": "^1.2.2",
                "sshpk": "^1.7.0"
            }
        },
        "iconv-lite": {
            "version": "0.4.23",
            "resolved": "https://registry.npmjs.org/iconv-lite/-/iconv-lite-0.4.23.tgz",
            "integrity": "sha512-neyTUVFtahjf0mB3dZT77u+8O0QB89jFdnBkd5P1JgYPbPaia3gXXOVL2fq8VyU2gMMD7SaN7QukTB/pmXYvDA==",
            "requires": {
                "safer-buffer": ">= 2.1.2 < 3"
            }
        },
        "ieee754": {
            "version": "1.1.8",
            "resolved": "https://registry.npmjs.org/ieee754/-/ieee754-1.1.8.tgz",
            "integrity": "sha1-vjPUCsEO8ZJnAfbwii2G+/0a0+Q="
        },
        "inherits": {
            "version": "2.0.3",
            "resolved": "https://registry.npmjs.org/inherits/-/inherits-2.0.3.tgz",
            "integrity": "sha1-Yzwsg+PaQqUC9SRmAiSA9CCCYd4="
        },
        "is-function": {
            "version": "1.0.1",
            "resolved": "https://registry.npmjs.org/is-function/-/is-function-1.0.1.tgz",
            "integrity": "sha1-Es+5i2W1fdPRk6MSH19uL0N2ArU="
        },
        "is-typedarray": {
            "version": "1.0.0",
            "resolved": "https://registry.npmjs.org/is-typedarray/-/is-typedarray-1.0.0.tgz",
            "integrity": "sha1-5HnICFjfDBsR3dppQPlgEfzaSpo="
        },
        "isarray": {
            "version": "1.0.0",
            "resolved": "https://registry.npmjs.org/isarray/-/isarray-1.0.0.tgz",
            "integrity": "sha1-u5NdSFgsuhaMBoNJV6VKPgcSTxE="
        },
        "isstream": {
            "version": "0.1.2",
            "resolved": "https://registry.npmjs.org/isstream/-/isstream-0.1.2.tgz",
            "integrity": "sha1-R+Y/evVa+m+S4VAOaQ64uFKcCZo="
        },
        "jmespath": {
            "version": "0.15.0",
            "resolved": "https://registry.npmjs.org/jmespath/-/jmespath-0.15.0.tgz",
            "integrity": "sha1-o/Iiqarp+Wb10nx5ZRDigJF2Qhc="
        },
        "jsbn": {
            "version": "0.1.1",
            "resolved": "https://registry.npmjs.org/jsbn/-/jsbn-0.1.1.tgz",
            "integrity": "sha1-peZUwuWi3rXyAdls77yoDA7y9RM=",
            "optional": true
        },
        "json-schema": {
            "version": "0.2.3",
            "resolved": "https://registry.npmjs.org/json-schema/-/json-schema-0.2.3.tgz",
            "integrity": "sha1-tIDIkuWaLwWVTOcnvT8qTogvnhM="
        },
        "json-schema-traverse": {
            "version": "0.3.1",
            "resolved": "https://registry.npmjs.org/json-schema-traverse/-/json-schema-traverse-0.3.1.tgz",
            "integrity": "sha1-NJptRMU6Ud6JtAgFxdXlm0F9M0A="
        },
        "json-stringify-safe": {
            "version": "5.0.1",
            "resolved": "https://registry.npmjs.org/json-stringify-safe/-/json-stringify-safe-5.0.1.tgz",
            "integrity": "sha1-Epai1Y/UXxmg9s4B1lcB4sc1tus="
        },
        "jsonparse": {
            "version": "1.3.1",
            "resolved": "https://registry.npmjs.org/jsonparse/-/jsonparse-1.3.1.tgz",
            "integrity": "sha1-P02uSpH6wxX3EGL4UhzCOfE2YoA="
        },
        "jsprim": {
            "version": "1.4.1",
            "resolved": "https://registry.npmjs.org/jsprim/-/jsprim-1.4.1.tgz",
            "integrity": "sha1-MT5mvB5cwG5Di8G3SZwuXFastqI=",
            "requires": {
                "assert-plus": "1.0.0",
                "extsprintf": "1.3.0",
                "json-schema": "0.2.3",
                "verror": "1.10.0"
            }
        },
        "lodash": {
            "version": "4.17.10",
            "resolved": "https://registry.npmjs.org/lodash/-/lodash-4.17.10.tgz",
            "integrity": "sha512-UejweD1pDoXu+AD825lWwp4ZGtSwgnpZxb3JDViD7StjQz+Nb/6l093lx4OQ0foGWNRoc19mWy7BzL+UAK2iVg=="
        },
        "mime-db": {
            "version": "1.33.0",
            "resolved": "https://registry.npmjs.org/mime-db/-/mime-db-1.33.0.tgz",
            "integrity": "sha512-BHJ/EKruNIqJf/QahvxwQZXKygOQ256myeN/Ew+THcAa5q+PjyTTMMeNQC4DZw5AwfvelsUrA6B67NKMqXDbzQ=="
        },
        "mime-types": {
            "version": "2.1.18",
            "resolved": "https://registry.npmjs.org/mime-types/-/mime-types-2.1.18.tgz",
            "integrity": "sha512-lc/aahn+t4/SWV/qcmumYjymLsWfN3ELhpmVuUFjgsORruuZPVSwAQryq+HHGvO/SI2KVX26bx+En+zhM8g8hQ==",
            "requires": {
                "mime-db": "~1.33.0"
            }
        },
        "min-document": {
            "version": "2.19.0",
            "resolved": "https://registry.npmjs.org/min-document/-/min-document-2.19.0.tgz",
            "integrity": "sha1-e9KC4/WELtKVu3SM3Z8f+iyCRoU=",
            "requires": {
                "dom-walk": "^0.1.0"
            }
        },
        "minimist": {
            "version": "1.2.0",
            "resolved": "https://registry.npmjs.org/minimist/-/minimist-1.2.0.tgz",
            "integrity": "sha1-o1AIsg9BOD7sH7kU9M1d95omQoQ="
        },
        "oauth-sign": {
            "version": "0.8.2",
            "resolved": "https://registry.npmjs.org/oauth-sign/-/oauth-sign-0.8.2.tgz",
            "integrity": "sha1-Rqarfwrq2N6unsBWV4C31O/rnUM="
        },
        "optimist": {
            "version": "0.3.7",
            "resolved": "https://registry.npmjs.org/optimist/-/optimist-0.3.7.tgz",
            "integrity": "sha1-yQlBrVnkJzMokjB00s8ufLxuwNk=",
            "requires": {
                "wordwrap": "~0.0.2"
            }
        },
        "osm-polygon-features": {
            "version": "0.9.2",
            "resolved": "https://registry.npmjs.org/osm-polygon-features/-/osm-polygon-features-0.9.2.tgz",
            "integrity": "sha1-IK5BEwxIbkmjsqPCtYoUGcSYZ3g="
        },
        "osmtogeojson": {
            "version": "2.2.12",
            "resolved": "https://registry.npmjs.org/osmtogeojson/-/osmtogeojson-2.2.12.tgz",
            "integrity": "sha1-8IT319XwOKQ4OzHANjR6E0sIGdM=",
            "requires": {
                "JSONStream": "0.8.0",
                "concat-stream": "~1.0.1",
                "geojson-numeric": "0.2.0",
                "geojson-rewind": "0.1.0",
                "htmlparser2": "3.5.1",
                "optimist": "~0.3.5",
                "osm-polygon-features": "^0.9.1",
                "xmldom": "~0.1.16"
            },
            "dependencies": {
                "JSONStream": {
                    "version": "0.8.0",
                    "resolved": "https://registry.npmjs.org/JSONStream/-/JSONStream-0.8.0.tgz",
                    "integrity": "sha1-78Ri1aW8lOwAf0siVxrNf28q4BM=",
                    "requires": {
                        "jsonparse": "0.0.5",
                        "through": "~2.2.7"
                    }
                },
                "concat-stream": {
                    "version": "1.0.1",
                    "resolved": "https://registry.npmjs.org/concat-stream/-/concat-stream-1.0.1.tgz",
                    "integrity": "sha1-AYsYvBx9BzotyCqkhEI0GixN158=",
                    "requires": {
                        "bops": "0.0.6"
                    }
                },
                "jsonparse": {
                    "version": "0.0.5",
                    "resolved": "https://registry.npmjs.org/jsonparse/-/jsonparse-0.0.5.tgz",
                    "integrity": "sha1-MwVCrT8KZUZlt3jz6y2an6UHrGQ="
                },
                "through": {
                    "version": "2.2.7",
                    "resolved": "https://registry.npmjs.org/through/-/through-2.2.7.tgz",
                    "integrity": "sha1-bo4hIAGR1OtqmfbwEN9Gqhxusr0="
                }
            }
        },
        "parse-headers": {
            "version": "2.0.1",
            "resolved": "https://registry.npmjs.org/parse-headers/-/parse-headers-2.0.1.tgz",
            "integrity": "sha1-aug6eqJanZtwCswoaYzR8e1+lTY=",
            "requires": {
                "for-each": "^0.3.2",
                "trim": "0.0.1"
            }
        },
        "performance-now": {
            "version": "2.1.0",
            "resolved": "https://registry.npmjs.org/performance-now/-/performance-now-2.1.0.tgz",
            "integrity": "sha1-Ywn04OX6kT7BxpMHrjZLSzd8nns="
        },
        "process": {
            "version": "0.5.2",
            "resolved": "https://registry.npmjs.org/process/-/process-0.5.2.tgz",
            "integrity": "sha1-FjjYqONML0QKkduVq5rrZ3/Bhc8="
        },
        "process-nextick-args": {
            "version": "2.0.0",
            "resolved": "https://registry.npmjs.org/process-nextick-args/-/process-nextick-args-2.0.0.tgz",
            "integrity": "sha512-MtEC1TqN0EU5nephaJ4rAtThHtC86dNN9qCuEhtshvpVBkAW5ZO7BASN9REnF9eoXGcRub+pFuKEpOHE+HbEMw=="
        },
        "punycode": {
            "version": "1.4.1",
            "resolved": "https://registry.npmjs.org/punycode/-/punycode-1.4.1.tgz",
            "integrity": "sha1-wNWmOycYgArY4esPpSachN1BhF4="
        },
        "qs": {
            "version": "6.5.2",
            "resolved": "https://registry.npmjs.org/qs/-/qs-6.5.2.tgz",
            "integrity": "sha512-N5ZAX4/LxJmF+7wN74pUD6qAh9/wnvdQcjq9TZjevvXzSUo7bfmw91saqMjzGS2xq91/odN2dW/WOl7qQHNDGA=="
        },
        "query-overpass": {
            "version": "1.5.3",
            "resolved": "https://registry.npmjs.org/query-overpass/-/query-overpass-1.5.3.tgz",
            "integrity": "sha512-nSRerAd1G0Xnd19ZS8iONyMtM9P58vw6tgdMd8vOXCUxkojwQvGY93jH0MF4mqCdKXmo0PUbIOr/kiFTPB5QsA==",
            "requires": {
                "JSONStream": "^1.3.1",
                "concat-stream": "^1.6.0",
                "minimist": "^1.2.0",
                "osmtogeojson": "^2.2.12",
                "request": "^2.81.0",
                "xhr": "^2.4.0",
                "xmldom": "^0.1.27"
            }
        },
        "querystring": {
            "version": "0.2.0",
            "resolved": "https://registry.npmjs.org/querystring/-/querystring-0.2.0.tgz",
            "integrity": "sha1-sgmEkgO7Jd+CDadW50cAWHhSFiA="
        },
        "readable-stream": {
            "version": "2.3.6",
            "resolved": "https://registry.npmjs.org/readable-stream/-/readable-stream-2.3.6.tgz",
            "integrity": "sha512-tQtKA9WIAhBF3+VLAseyMqZeBjW0AHJoxOtYqSUZNJxauErmLbVm2FW1y+J/YA9dUrAC39ITejlZWhVIwawkKw==",
            "requires": {
                "core-util-is": "~1.0.0",
                "inherits": "~2.0.3",
                "isarray": "~1.0.0",
                "process-nextick-args": "~2.0.0",
                "safe-buffer": "~5.1.1",
                "string_decoder": "~1.1.1",
                "util-deprecate": "~1.0.1"
            }
        },
        "request": {
            "version": "2.87.0",
            "resolved": "https://registry.npmjs.org/request/-/request-2.87.0.tgz",
            "integrity": "sha512-fcogkm7Az5bsS6Sl0sibkbhcKsnyon/jV1kF3ajGmF0c8HrttdKTPRT9hieOaQHA5HEq6r8OyWOo/o781C1tNw==",
            "requires": {
                "aws-sign2": "~0.7.0",
                "aws4": "^1.6.0",
                "caseless": "~0.12.0",
                "combined-stream": "~1.0.5",
                "extend": "~3.0.1",
                "forever-agent": "~0.6.1",
                "form-data": "~2.3.1",
                "har-validator": "~5.0.3",
                "http-signature": "~1.2.0",
                "is-typedarray": "~1.0.0",
                "isstream": "~0.1.2",
                "json-stringify-safe": "~5.0.1",
                "mime-types": "~2.1.17",
                "oauth-sign": "~0.8.2",
                "performance-now": "^2.1.0",
                "qs": "~6.5.1",
                "safe-buffer": "^5.1.1",
                "tough-cookie": "~2.3.3",
                "tunnel-agent": "^0.6.0",
                "uuid": "^3.1.0"
            }
        },
        "rw": {
            "version": "1.3.3",
            "resolved": "https://registry.npmjs.org/rw/-/rw-1.3.3.tgz",
            "integrity": "sha1-P4Yt+pGrdmsUiF700BEkv9oHT7Q="
        },
        "safe-buffer": {
            "version": "5.1.2",
            "resolved": "https://registry.npmjs.org/safe-buffer/-/safe-buffer-5.1.2.tgz",
            "integrity": "sha512-Gd2UZBJDkXlY7GbJxfsE8/nvKkUEU1G38c1siN6QP6a9PT9MmHB8GnpscSmMJSoF8LOIrt8ud/wPtojys4G6+g=="
        },
        "safer-buffer": {
            "version": "2.1.2",
            "resolved": "https://registry.npmjs.org/safer-buffer/-/safer-buffer-2.1.2.tgz",
            "integrity": "sha512-YZo3K82SD7Riyi0E1EQPojLz7kpepnSQI9IyPbHHg1XXXevb5dJI7tpyN2ADxGcQbHG7vcyRHk0cbwqcQriUtg=="
        },
        "sax": {
            "version": "1.2.1",
            "resolved": "https://registry.npmjs.org/sax/-/sax-1.2.1.tgz",
            "integrity": "sha1-e45lYZCyKOgaZq6nSEgNgozS03o="
        },
        "sshpk": {
            "version": "1.14.1",
            "resolved": "https://registry.npmjs.org/sshpk/-/sshpk-1.14.1.tgz",
            "integrity": "sha1-Ew9Zde3a2WPx1W+SuaxsUfqfg+s=",
            "requires": {
                "asn1": "~0.2.3",
                "assert-plus": "^1.0.0",
                "bcrypt-pbkdf": "^1.0.0",
                "dashdash": "^1.12.0",
                "ecc-jsbn": "~0.1.1",
                "getpass": "^0.1.1",
                "jsbn": "~0.1.0",
                "tweetnacl": "~0.14.0"
            }
        },
        "string_decoder": {
            "version": "1.1.1",
            "resolved": "https://registry.npmjs.org/string_decoder/-/string_decoder-1.1.1.tgz",
            "integrity": "sha512-n/ShnvDi6FHbbVfviro+WojiFzv+s8MPMHBczVePfUpDJLwoLT0ht1l4YwBCbi8pJAveEEdnkHyPyTP/mzRfwg==",
            "requires": {
                "safe-buffer": "~5.1.0"
            }
        },
        "through": {
            "version": "2.3.8",
            "resolved": "https://registry.npmjs.org/through/-/through-2.3.8.tgz",
            "integrity": "sha1-DdTJ/6q8NXlgsbckEV1+Doai4fU="
        },
        "to-utf8": {
            "version": "0.0.1",
            "resolved": "https://registry.npmjs.org/to-utf8/-/to-utf8-0.0.1.tgz",
            "integrity": "sha1-0Xrqcv8vujm55DYBvns/9y4ImFI="
        },
        "tough-cookie": {
            "version": "2.3.4",
            "resolved": "https://registry.npmjs.org/tough-cookie/-/tough-cookie-2.3.4.tgz",
            "integrity": "sha512-TZ6TTfI5NtZnuyy/Kecv+CnoROnyXn2DN97LontgQpCwsX2XyLYCC0ENhYkehSOwAp8rTQKc/NUIF7BkQ5rKLA==",
            "requires": {
                "punycode": "^1.4.1"
            }
        },
        "trim": {
            "version": "0.0.1",
            "resolved": "https://registry.npmjs.org/trim/-/trim-0.0.1.tgz",
            "integrity": "sha1-WFhUf2spB1fulczMZm+1AITEYN0="
        },
        "tunnel-agent": {
            "version": "0.6.0",
            "resolved": "https://registry.npmjs.org/tunnel-agent/-/tunnel-agent-0.6.0.tgz",
            "integrity": "sha1-J6XeoGs2sEoKmWZ3SykIaPD8QP0=",
            "requires": {
                "safe-buffer": "^5.0.1"
            }
        },
        "tweetnacl": {
            "version": "0.14.5",
            "resolved": "https://registry.npmjs.org/tweetnacl/-/tweetnacl-0.14.5.tgz",
            "integrity": "sha1-WuaBd/GS1EViadEIr6k/+HQ/T2Q=",
            "optional": true
        },
        "typedarray": {
            "version": "0.0.6",
            "resolved": "https://registry.npmjs.org/typedarray/-/typedarray-0.0.6.tgz",
            "integrity": "sha1-hnrHTjhkGHsdPUfZlqeOxciDB3c="
        },
        "url": {
            "version": "0.10.3",
            "resolved": "https://registry.npmjs.org/url/-/url-0.10.3.tgz",
            "integrity": "sha1-Ah5NnHcF8hu/N9A861h2dAJ3TGQ=",
            "requires": {
                "punycode": "1.3.2",
                "querystring": "0.2.0"
            },
            "dependencies": {
                "punycode": {
                    "version": "1.3.2",
                    "resolved": "https://registry.npmjs.org/punycode/-/punycode-1.3.2.tgz",
                    "integrity": "sha1-llOgNvt8HuQjQvIyXM7v6jkmxI0="
                }
            }
        },
        "util-deprecate": {
            "version": "1.0.2",
            "resolved": "https://registry.npmjs.org/util-deprecate/-/util-deprecate-1.0.2.tgz",
            "integrity": "sha1-RQ1Nyfpw3nMnYvvS1KKJgUGaDM8="
        },
        "uuid": {
            "version": "3.2.1",
            "resolved": "https://registry.npmjs.org/uuid/-/uuid-3.2.1.tgz",
            "integrity": "sha512-jZnMwlb9Iku/O3smGWvZhauCf6cvvpKi4BKRiliS3cxnI+Gz9j5MEpTz2UFuXiKPJocb7gnsLHwiS05ige5BEA=="
        },
        "verror": {
            "version": "1.10.0",
            "resolved": "https://registry.npmjs.org/verror/-/verror-1.10.0.tgz",
            "integrity": "sha1-OhBcoXBTr1XW4nDB+CiGguGNpAA=",
            "requires": {
                "assert-plus": "^1.0.0",
                "core-util-is": "1.0.2",
                "extsprintf": "^1.2.0"
            }
        },
        "wgs84": {
            "version": "0.0.0",
            "resolved": "https://registry.npmjs.org/wgs84/-/wgs84-0.0.0.tgz",
            "integrity": "sha1-NP3FVZF7blfPKigu0ENxDASc3HY="
        },
        "wordwrap": {
            "version": "0.0.3",
            "resolved": "https://registry.npmjs.org/wordwrap/-/wordwrap-0.0.3.tgz",
            "integrity": "sha1-o9XabNXAvAAI03I0u68b7WMFkQc="
        },
        "xhr": {
            "version": "2.5.0",
            "resolved": "https://registry.npmjs.org/xhr/-/xhr-2.5.0.tgz",
            "integrity": "sha512-4nlO/14t3BNUZRXIXfXe+3N6w3s1KoxcJUUURctd64BLRe67E4gRwp4PjywtDY72fXpZ1y6Ch0VZQRY/gMPzzQ==",
            "requires": {
                "global": "~4.3.0",
                "is-function": "^1.0.1",
                "parse-headers": "^2.0.0",
                "xtend": "^4.0.0"
            }
        },
        "xml2js": {
            "version": "0.4.17",
            "resolved": "https://registry.npmjs.org/xml2js/-/xml2js-0.4.17.tgz",
            "integrity": "sha1-F76T6q4/O3eTWceVtBlwWogX6Gg=",
            "requires": {
                "sax": ">=0.6.0",
                "xmlbuilder": "^4.1.0"
            }
        },
        "xmlbuilder": {
            "version": "4.2.1",
            "resolved": "https://registry.npmjs.org/xmlbuilder/-/xmlbuilder-4.2.1.tgz",
            "integrity": "sha1-qlijBBoGb5DqoWwvU4n/GfP0YaU=",
            "requires": {
                "lodash": "^4.0.0"
            }
        },
        "xmldom": {
            "version": "0.1.27",
            "resolved": "https://registry.npmjs.org/xmldom/-/xmldom-0.1.27.tgz",
            "integrity": "sha1-1QH5ezvbQDr4757MIFcxh6rawOk="
        },
        "xtend": {
            "version": "4.0.1",
            "resolved": "https://registry.npmjs.org/xtend/-/xtend-4.0.1.tgz",
            "integrity": "sha1-pcbVMr5lbiPbgg77lDofBJmNY68="
        }
    }
}
